
Microsoft Visual Studio Solution File, Format Version 12.00
# Visual Studio 15
VisualStudioVersion = 15.0.28307.489
MinimumVisualStudioVersion = 10.0.40219.1
Project("{159641D6-6404-4A2A-AE62-294DE0FE8301}") = "IntegrationServiceAirportsProject", "IntegrationServiceAirportsProject\IntegrationServiceAirportsProject.dtproj", "{CADECA7C-FCD6-41B0-847F-3400E44A2E5B}"
EndProject
Global
	GlobalSection(SolutionConfigurationPlatforms) = preSolution
		Development|Default = Development|Default
	EndGlobalSection
	GlobalSection(ProjectConfigurationPlatforms) = postSolution
		{CADECA7C-FCD6-41B0-847F-3400E44A2E5B}.Development|Default.ActiveCfg = Development
		{CADECA7C-FCD6-41B0-847F-3400E44A2E5B}.Development|Default.Build.0 = Development
	EndGlobalSection
	GlobalSection(SolutionProperties) = preSolution
		HideSolutionNode = FALSE
	EndGlobalSection
	GlobalSection(ExtensibilityGlobals) = postSolution
		SolutionGuid = {7B5FBB3E-F8CC-4116-B5F9-5AFA0D121F4E}
	EndGlobalSection
EndGlobal
